
Microsoft Visual Studio Solution File, Format Version 12.00
# Visual Studio 15
VisualStudioVersion = 15.0.26730.10
MinimumVisualStudioVersion = 10.0.40219.1
Project("{8BC9CEB8-8B4A-11D0-8D11-00A0C91BC942}") = "TP3 --- Test lire map et déplacement", "TP3 --- Test lire map et déplacement\TP3 --- Test lire map et déplacement.vcxproj", "{770327D7-780D-43A7-B96F-985BC721F810}"
EndProject
Global
	GlobalSection(SolutionConfigurationPlatforms) = preSolution
		Debug|x64 = Debug|x64
		Debug|x86 = Debug|x86
		Release|x64 = Release|x64
		Release|x86 = Release|x86
	EndGlobalSection
	GlobalSection(ProjectConfigurationPlatforms) = postSolution
		{770327D7-780D-43A7-B96F-985BC721F810}.Debug|x64.ActiveCfg = Debug|x64
		{770327D7-780D-43A7-B96F-985BC721F810}.Debug|x64.Build.0 = Debug|x64
		{770327D7-780D-43A7-B96F-985BC721F810}.Debug|x86.ActiveCfg = Debug|Win32
		{770327D7-780D-43A7-B96F-985BC721F810}.Debug|x86.Build.0 = Debug|Win32
		{770327D7-780D-43A7-B96F-985BC721F810}.Release|x64.ActiveCfg = Release|x64
		{770327D7-780D-43A7-B96F-985BC721F810}.Release|x64.Build.0 = Release|x64
		{770327D7-780D-43A7-B96F-985BC721F810}.Release|x86.ActiveCfg = Release|Win32
		{770327D7-780D-43A7-B96F-985BC721F810}.Release|x86.Build.0 = Release|Win32
	EndGlobalSection
	GlobalSection(SolutionProperties) = preSolution
		HideSolutionNode = FALSE
	EndGlobalSection
	GlobalSection(ExtensibilityGlobals) = postSolution
		SolutionGuid = {24463062-C261-4E96-8571-445B7B5E662B}
	EndGlobalSection
EndGlobal
